// !$*UTF8*$!
{
	archiveVersion = 1;
	classes = {
	};
	objectVersion = 56;
	objects = {

/* Begin PBXBuildFile section */
		030971A93BC6196238EF0C16 /* Pods_SnapshotTest.framework in Frameworks */ = {isa = PBXBuildFile; fileRef = 7A0711B5F08529045BE3BDB0 /* Pods_SnapshotTest.framework */; };
		12F542DC3E06635690F4974C /* Pods_SnapshotTestTests.framework in Frameworks */ = {isa = PBXBuildFile; fileRef = F7C7246BB6DF1CB01AAD7BDC /* Pods_SnapshotTestTests.framework */; };
		8C4AEC262BA9B97F0080B754 /* AppDelegate.swift in Sources */ = {isa = PBXBuildFile; fileRef = 8C4AEC252BA9B97F0080B754 /* AppDelegate.swift */; };
		8C4AEC282BA9B97F0080B754 /* SceneDelegate.swift in Sources */ = {isa = PBXBuildFile; fileRef = 8C4AEC272BA9B97F0080B754 /* SceneDelegate.swift */; };
		8C4AEC2A2BA9B97F0080B754 /* ViewController.swift in Sources */ = {isa = PBXBuildFile; fileRef = 8C4AEC292BA9B97F0080B754 /* ViewController.swift */; };
		8C4AEC2D2BA9B97F0080B754 /* Main.storyboard in Resources */ = {isa = PBXBuildFile; fileRef = 8C4AEC2B2BA9B97F0080B754 /* Main.storyboard */; };
		8C4AEC2F2BA9B9830080B754 /* Assets.xcassets in Resources */ = {isa = PBXBuildFile; fileRef = 8C4AEC2E2BA9B9830080B754 /* Assets.xcassets */; };
		8C4AEC322BA9B9830080B754 /* LaunchScreen.storyboard in Resources */ = {isa = PBXBuildFile; fileRef = 8C4AEC302BA9B9830080B754 /* LaunchScreen.storyboard */; };
		8C4AEC3D2BA9B9830080B754 /* SnapshotTestTests.swift in Sources */ = {isa = PBXBuildFile; fileRef = 8C4AEC3C2BA9B9830080B754 /* SnapshotTestTests.swift */; };
/* End PBXBuildFile section */

/* Begin PBXContainerItemProxy section */
		8C4AEC392BA9B9830080B754 /* PBXContainerItemProxy */ = {
			isa = PBXContainerItemProxy;
			containerPortal = 8C4AEC1A2BA9B97F0080B754 /* Project object */;
			proxyType = 1;
			remoteGlobalIDString = 8C4AEC212BA9B97F0080B754;
			remoteInfo = SnapshotTest;
		};
/* End PBXContainerItemProxy section */

/* Begin PBXFileReference section */
		01E8EAFEA98780FEEBB6B9E0 /* Pods_SnapshotTest_SnapshotTestUITests.framework */ = {isa = PBXFileReference; explicitFileType = wrapper.framework; includeInIndex = 0; path = Pods_SnapshotTest_SnapshotTestUITests.framework; sourceTree = BUILT_PRODUCTS_DIR; };
		0C35D83145B1AA05A8B1E523 /* Pods-SnapshotTestTests.release.xcconfig */ = {isa = PBXFileReference; includeInIndex = 1; lastKnownFileType = text.xcconfig; name = "Pods-SnapshotTestTests.release.xcconfig"; path = "Target Support Files/Pods-SnapshotTestTests/Pods-SnapshotTestTests.release.xcconfig"; sourceTree = "<group>"; };
		3BA8814C0D2B5403BEBC60FD /* Pods-SnapshotTest-SnapshotTestUITests.debug.xcconfig */ = {isa = PBXFileReference; includeInIndex = 1; lastKnownFileType = text.xcconfig; name = "Pods-SnapshotTest-SnapshotTestUITests.debug.xcconfig"; path = "Target Support Files/Pods-SnapshotTest-SnapshotTestUITests/Pods-SnapshotTest-SnapshotTestUITests.debug.xcconfig"; sourceTree = "<group>"; };
		536FC875541D76DA52AB31D1 /* Pods-SnapshotTest-SnapshotTestUITests.release.xcconfig */ = {isa = PBXFileReference; includeInIndex = 1; lastKnownFileType = text.xcconfig; name = "Pods-SnapshotTest-SnapshotTestUITests.release.xcconfig"; path = "Target Support Files/Pods-SnapshotTest-SnapshotTestUITests/Pods-SnapshotTest-SnapshotTestUITests.release.xcconfig"; sourceTree = "<group>"; };
		7923D6A9EE090940CDF44BA5 /* Pods-SnapshotTest.release.xcconfig */ = {isa = PBXFileReference; includeInIndex = 1; lastKnownFileType = text.xcconfig; name = "Pods-SnapshotTest.release.xcconfig"; path = "Target Support Files/Pods-SnapshotTest/Pods-SnapshotTest.release.xcconfig"; sourceTree = "<group>"; };
		7A0711B5F08529045BE3BDB0 /* Pods_SnapshotTest.framework */ = {isa = PBXFileReference; explicitFileType = wrapper.framework; includeInIndex = 0; path = Pods_SnapshotTest.framework; sourceTree = BUILT_PRODUCTS_DIR; };
		894E808C9AE2157367B1FE47 /* Pods-SnapshotTest.debug.xcconfig */ = {isa = PBXFileReference; includeInIndex = 1; lastKnownFileType = text.xcconfig; name = "Pods-SnapshotTest.debug.xcconfig"; path = "Target Support Files/Pods-SnapshotTest/Pods-SnapshotTest.debug.xcconfig"; sourceTree = "<group>"; };
		8C4AEC222BA9B97F0080B754 /* SnapshotTest.app */ = {isa = PBXFileReference; explicitFileType = wrapper.application; includeInIndex = 0; path = SnapshotTest.app; sourceTree = BUILT_PRODUCTS_DIR; };
		8C4AEC252BA9B97F0080B754 /* AppDelegate.swift */ = {isa = PBXFileReference; lastKnownFileType = sourcecode.swift; path = AppDelegate.swift; sourceTree = "<group>"; };
		8C4AEC272BA9B97F0080B754 /* SceneDelegate.swift */ = {isa = PBXFileReference; lastKnownFileType = sourcecode.swift; path = SceneDelegate.swift; sourceTree = "<group>"; };
		8C4AEC292BA9B97F0080B754 /* ViewController.swift */ = {isa = PBXFileReference; lastKnownFileType = sourcecode.swift; path = ViewController.swift; sourceTree = "<group>"; };
		8C4AEC2C2BA9B97F0080B754 /* Base */ = {isa = PBXFileReference; lastKnownFileType = file.storyboard; name = Base; path = Base.lproj/Main.storyboard; sourceTree = "<group>"; };
		8C4AEC2E2BA9B9830080B754 /* Assets.xcassets */ = {isa = PBXFileReference; lastKnownFileType = folder.assetcatalog; path = Assets.xcassets; sourceTree = "<group>"; };
		8C4AEC312BA9B9830080B754 /* Base */ = {isa = PBXFileReference; lastKnownFileType = file.storyboard; name = Base; path = Base.lproj/LaunchScreen.storyboard; sourceTree = "<group>"; };
		8C4AEC332BA9B9830080B754 /* Info.plist */ = {isa = PBXFileReference; lastKnownFileType = text.plist.xml; path = Info.plist; sourceTree = "<group>"; };
		8C4AEC382BA9B9830080B754 /* SnapshotTestTests.xctest */ = {isa = PBXFileReference; explicitFileType = wrapper.cfbundle; includeInIndex = 0; path = SnapshotTestTests.xctest; sourceTree = BUILT_PRODUCTS_DIR; };
		8C4AEC3C2BA9B9830080B754 /* SnapshotTestTests.swift */ = {isa = PBXFileReference; lastKnownFileType = sourcecode.swift; path = SnapshotTestTests.swift; sourceTree = "<group>"; };
		B44CA2891394A43A5A837438 /* Pods-SnapshotTestTests.debug.xcconfig */ = {isa = PBXFileReference; includeInIndex = 1; lastKnownFileType = text.xcconfig; name = "Pods-SnapshotTestTests.debug.xcconfig"; path = "Target Support Files/Pods-SnapshotTestTests/Pods-SnapshotTestTests.debug.xcconfig"; sourceTree = "<group>"; };
		F7C7246BB6DF1CB01AAD7BDC /* Pods_SnapshotTestTests.framework */ = {isa = PBXFileReference; explicitFileType = wrapper.framework; includeInIndex = 0; path = Pods_SnapshotTestTests.framework; sourceTree = BUILT_PRODUCTS_DIR; };
/* End PBXFileReference section */

/* Begin PBXFrameworksBuildPhase section */
		8C4AEC1F2BA9B97F0080B754 /* Frameworks */ = {
			isa = PBXFrameworksBuildPhase;
			buildActionMask = 2147483647;
			files = (
				030971A93BC6196238EF0C16 /* Pods_SnapshotTest.framework in Frameworks */,
			);
			runOnlyForDeploymentPostprocessing = 0;
		};
		8C4AEC352BA9B9830080B754 /* Frameworks */ = {
			isa = PBXFrameworksBuildPhase;
			buildActionMask = 2147483647;
			files = (
				12F542DC3E06635690F4974C /* Pods_SnapshotTestTests.framework in Frameworks */,
			);
			runOnlyForDeploymentPostprocessing = 0;
		};
/* End PBXFrameworksBuildPhase section */

/* Begin PBXGroup section */
		0C7C700405BAAB2D58AC1DBB /* Frameworks */ = {
			isa = PBXGroup;
			children = (
				7A0711B5F08529045BE3BDB0 /* Pods_SnapshotTest.framework */,
				01E8EAFEA98780FEEBB6B9E0 /* Pods_SnapshotTest_SnapshotTestUITests.framework */,
				F7C7246BB6DF1CB01AAD7BDC /* Pods_SnapshotTestTests.framework */,
			);
			name = Frameworks;
			sourceTree = "<group>";
		};
		66AA0A848495EA3C88EF7576 /* Pods */ = {
			isa = PBXGroup;
			children = (
				894E808C9AE2157367B1FE47 /* Pods-SnapshotTest.debug.xcconfig */,
				7923D6A9EE090940CDF44BA5 /* Pods-SnapshotTest.release.xcconfig */,
				3BA8814C0D2B5403BEBC60FD /* Pods-SnapshotTest-SnapshotTestUITests.debug.xcconfig */,
				536FC875541D76DA52AB31D1 /* Pods-SnapshotTest-SnapshotTestUITests.release.xcconfig */,
				B44CA2891394A43A5A837438 /* Pods-SnapshotTestTests.debug.xcconfig */,
				0C35D83145B1AA05A8B1E523 /* Pods-SnapshotTestTests.release.xcconfig */,
			);
			path = Pods;
			sourceTree = "<group>";
		};
		8C4AEC192BA9B97F0080B754 = {
			isa = PBXGroup;
			children = (
				8C4AEC242BA9B97F0080B754 /* SnapshotTest */,
				8C4AEC3B2BA9B9830080B754 /* SnapshotTestTests */,
				8C4AEC232BA9B97F0080B754 /* Products */,
				66AA0A848495EA3C88EF7576 /* Pods */,
				0C7C700405BAAB2D58AC1DBB /* Frameworks */,
			);
			sourceTree = "<group>";
		};
		8C4AEC232BA9B97F0080B754 /* Products */ = {
			isa = PBXGroup;
			children = (
				8C4AEC222BA9B97F0080B754 /* SnapshotTest.app */,
				8C4AEC382BA9B9830080B754 /* SnapshotTestTests.xctest */,
			);
			name = Products;
			sourceTree = "<group>";
		};
		8C4AEC242BA9B97F0080B754 /* SnapshotTest */ = {
			isa = PBXGroup;
			children = (
				8C4AEC252BA9B97F0080B754 /* AppDelegate.swift */,
				8C4AEC272BA9B97F0080B754 /* SceneDelegate.swift */,
				8C4AEC292BA9B97F0080B754 /* ViewController.swift */,
				8C4AEC2B2BA9B97F0080B754 /* Main.storyboard */,
				8C4AEC2E2BA9B9830080B754 /* Assets.xcassets */,
				8C4AEC302BA9B9830080B754 /* LaunchScreen.storyboard */,
				8C4AEC332BA9B9830080B754 /* Info.plist */,
			);
			path = SnapshotTest;
			sourceTree = "<group>";
		};
		8C4AEC3B2BA9B9830080B754 /* SnapshotTestTests */ = {
			isa = PBXGroup;
			children = (
				8C4AEC3C2BA9B9830080B754 /* SnapshotTestTests.swift */,
			);
			path = SnapshotTestTests;
			sourceTree = "<group>";
		};
/* End PBXGroup section */

/* Begin PBXNativeTarget section */
		8C4AEC212BA9B97F0080B754 /* SnapshotTest */ = {
			isa = PBXNativeTarget;
			buildConfigurationList = 8C4AEC4C2BA9B9840080B754 /* Build configuration list for PBXNativeTarget "SnapshotTest" */;
			buildPhases = (
				1B9695579919018F14CBA89C /* [CP] Check Pods Manifest.lock */,
				8C4AEC1E2BA9B97F0080B754 /* Sources */,
				8C4AEC1F2BA9B97F0080B754 /* Frameworks */,
				8C4AEC202BA9B97F0080B754 /* Resources */,
			);
			buildRules = (
			);
			dependencies = (
			);
			name = SnapshotTest;
			productName = SnapshotTest;
			productReference = 8C4AEC222BA9B97F0080B754 /* SnapshotTest.app */;
			productType = "com.apple.product-type.application";
		};
		8C4AEC372BA9B9830080B754 /* SnapshotTestTests */ = {
			isa = PBXNativeTarget;
			buildConfigurationList = 8C4AEC4F2BA9B9840080B754 /* Build configuration list for PBXNativeTarget "SnapshotTestTests" */;
			buildPhases = (
				3AC91F2B551428DFE787EDE1 /* [CP] Check Pods Manifest.lock */,
				8C4AEC342BA9B9830080B754 /* Sources */,
				8C4AEC352BA9B9830080B754 /* Frameworks */,
				8C4AEC362BA9B9830080B754 /* Resources */,
			);
			buildRules = (
			);
			dependencies = (
				8C4AEC3A2BA9B9830080B754 /* PBXTargetDependency */,
			);
			name = SnapshotTestTests;
			productName = SnapshotTestTests;
			productReference = 8C4AEC382BA9B9830080B754 /* SnapshotTestTests.xctest */;
			productType = "com.apple.product-type.bundle.unit-test";
		};
/* End PBXNativeTarget section */

/* Begin PBXProject section */
		8C4AEC1A2BA9B97F0080B754 /* Project object */ = {
			isa = PBXProject;
			attributes = {
				BuildIndependentTargetsInParallel = 1;
				LastSwiftUpdateCheck = 1520;
				LastUpgradeCheck = 1520;
				TargetAttributes = {
					8C4AEC212BA9B97F0080B754 = {
						CreatedOnToolsVersion = 15.2;
					};
					8C4AEC372BA9B9830080B754 = {
						CreatedOnToolsVersion = 15.2;
						TestTargetID = 8C4AEC212BA9B97F0080B754;
					};
				};
			};
			buildConfigurationList = 8C4AEC1D2BA9B97F0080B754 /* Build configuration list for PBXProject "SnapshotTest" */;
			compatibilityVersion = "Xcode 14.0";
			developmentRegion = en;
			hasScannedForEncodings = 0;
			knownRegions = (
				en,
				Base,
			);
			mainGroup = 8C4AEC192BA9B97F0080B754;
			productRefGroup = 8C4AEC232BA9B97F0080B754 /* Products */;
			projectDirPath = "";
			projectRoot = "";
			targets = (
				8C4AEC212BA9B97F0080B754 /* SnapshotTest */,
				8C4AEC372BA9B9830080B754 /* SnapshotTestTests */,
			);
		};
/* End PBXProject section */

/* Begin PBXResourcesBuildPhase section */
		8C4AEC202BA9B97F0080B754 /* Resources */ = {
			isa = PBXResourcesBuildPhase;
			buildActionMask = 2147483647;
			files = (
				8C4AEC322BA9B9830080B754 /* LaunchScreen.storyboard in Resources */,
				8C4AEC2F2BA9B9830080B754 /* Assets.xcassets in Resources */,
				8C4AEC2D2BA9B97F0080B754 /* Main.storyboard in Resources */,
			);
			runOnlyForDeploymentPostprocessing = 0;
		};
		8C4AEC362BA9B9830080B754 /* Resources */ = {
			isa = PBXResourcesBuildPhase;
			buildActionMask = 2147483647;
			files = (
			);
			runOnlyForDeploymentPostprocessing = 0;
		};
/* End PBXResourcesBuildPhase section */

/* Begin PBXShellScriptBuildPhase section */
		1B9695579919018F14CBA89C /* [CP] Check Pods Manifest.lock */ = {
			isa = PBXShellScriptBuildPhase;
			buildActionMask = 2147483647;
			files = (
			);
			inputFileListPaths = (
			);
			inputPaths = (
				"${PODS_PODFILE_DIR_PATH}/Podfile.lock",
				"${PODS_ROOT}/Manifest.lock",
			);
			name = "[CP] Check Pods Manifest.lock";
			outputFileListPaths = (
			);
			outputPaths = (
				"$(DERIVED_FILE_DIR)/Pods-SnapshotTest-checkManifestLockResult.txt",
			);
			runOnlyForDeploymentPostprocessing = 0;
			shellPath = /bin/sh;
			shellScript = "diff \"${PODS_PODFILE_DIR_PATH}/Podfile.lock\" \"${PODS_ROOT}/Manifest.lock\" > /dev/null\nif [ $? != 0 ] ; then\n    # print error to STDERR\n    echo \"error: The sandbox is not in sync with the Podfile.lock. Run 'pod install' or update your CocoaPods installation.\" >&2\n    exit 1\nfi\n# This output is used by Xcode 'outputs' to avoid re-running this script phase.\necho \"SUCCESS\" > \"${SCRIPT_OUTPUT_FILE_0}\"\n";
			showEnvVarsInLog = 0;
		};
		3AC91F2B551428DFE787EDE1 /* [CP] Check Pods Manifest.lock */ = {
			isa = PBXShellScriptBuildPhase;
			buildActionMask = 2147483647;
			files = (
			);
			inputFileListPaths = (
			);
			inputPaths = (
				"${PODS_PODFILE_DIR_PATH}/Podfile.lock",
				"${PODS_ROOT}/Manifest.lock",
			);
			name = "[CP] Check Pods Manifest.lock";
			outputFileListPaths = (
			);
			outputPaths = (
				"$(DERIVED_FILE_DIR)/Pods-SnapshotTestTests-checkManifestLockResult.txt",
			);
			runOnlyForDeploymentPostprocessing = 0;
			shellPath = /bin/sh;
			shellScript = "diff \"${PODS_PODFILE_DIR_PATH}/Podfile.lock\" \"${PODS_ROOT}/Manifest.lock\" > /dev/null\nif [ $? != 0 ] ; then\n    # print error to STDERR\n    echo \"error: The sandbox is not in sync with the Podfile.lock. Run 'pod install' or update your CocoaPods installation.\" >&2\n    exit 1\nfi\n# This output is used by Xcode 'outputs' to avoid re-running this script phase.\necho \"SUCCESS\" > \"${SCRIPT_OUTPUT_FILE_0}\"\n";
			showEnvVarsInLog = 0;
		};
/* End PBXShellScriptBuildPhase section */

/* Begin PBXSourcesBuildPhase section */
		8C4AEC1E2BA9B97F0080B754 /* Sources */ = {
			isa = PBXSourcesBuildPhase;
			buildActionMask = 2147483647;
			files = (
				8C4AEC2A2BA9B97F0080B754 /* ViewController.swift in Sources */,
				8C4AEC262BA9B97F0080B754 /* AppDelegate.swift in Sources */,
				8C4AEC282BA9B97F0080B754 /* SceneDelegate.swift in Sources */,
			);
			runOnlyForDeploymentPostprocessing = 0;
		};
		8C4AEC342BA9B9830080B754 /* Sources */ = {
			isa = PBXSourcesBuildPhase;
			buildActionMask = 2147483647;
			files = (
				8C4AEC3D2BA9B9830080B754 /* SnapshotTestTests.swift in Sources */,
			);
			runOnlyForDeploymentPostprocessing = 0;
		};
/* End PBXSourcesBuildPhase section */

/* Begin PBXTargetDependency section */
		8C4AEC3A2BA9B9830080B754 /* PBXTargetDependency */ = {
			isa = PBXTargetDependency;
			target = 8C4AEC212BA9B97F0080B754 /* SnapshotTest */;
			targetProxy = 8C4AEC392BA9B9830080B754 /* PBXContainerItemProxy */;
		};
/* End PBXTargetDependency section */

/* Begin PBXVariantGroup section */
		8C4AEC2B2BA9B97F0080B754 /* Main.storyboard */ = {
			isa = PBXVariantGroup;
			children = (
				8C4AEC2C2BA9B97F0080B754 /* Base */,
			);
			name = Main.storyboard;
			sourceTree = "<group>";
		};
		8C4AEC302BA9B9830080B754 /* LaunchScreen.storyboard */ = {
			isa = PBXVariantGroup;
			children = (
				8C4AEC312BA9B9830080B754 /* Base */,
			);
			name = LaunchScreen.storyboard;
			sourceTree = "<group>";
		};
/* End PBXVariantGroup section */

/* Begin XCBuildConfiguration section */
		8C4AEC4A2BA9B9840080B754 /* Debug */ = {
			isa = XCBuildConfiguration;
			buildSettings = {
				ALWAYS_SEARCH_USER_PATHS = NO;
				ASSETCATALOG_COMPILER_GENERATE_SWIFT_ASSET_SYMBOL_EXTENSIONS = YES;
				CLANG_ANALYZER_NONNULL = YES;
				CLANG_ANALYZER_NUMBER_OBJECT_CONVERSION = YES_AGGRESSIVE;
				CLANG_CXX_LANGUAGE_STANDARD = "gnu++20";
				CLANG_ENABLE_MODULES = YES;
				CLANG_ENABLE_OBJC_ARC = YES;
				CLANG_ENABLE_OBJC_WEAK = YES;
				CLANG_WARN_BLOCK_CAPTURE_AUTORELEASING = YES;
				CLANG_WARN_BOOL_CONVERSION = YES;
				CLANG_WARN_COMMA = YES;
				CLANG_WARN_CONSTANT_CONVERSION = YES;
				CLANG_WARN_DEPRECATED_OBJC_IMPLEMENTATIONS = YES;
				CLANG_WARN_DIRECT_OBJC_ISA_USAGE = YES_ERROR;
				CLANG_WARN_DOCUMENTATION_COMMENTS = YES;
				CLANG_WARN_EMPTY_BODY = YES;
				CLANG_WARN_ENUM_CONVERSION = YES;
				CLANG_WARN_INFINITE_RECURSION = YES;
				CLANG_WARN_INT_CONVERSION = YES;
				CLANG_WARN_NON_LITERAL_NULL_CONVERSION = YES;
				CLANG_WARN_OBJC_IMPLICIT_RETAIN_SELF = YES;
				CLANG_WARN_OBJC_LITERAL_CONVERSION = YES;
				CLANG_WARN_OBJC_ROOT_CLASS = YES_ERROR;
				CLANG_WARN_QUOTED_INCLUDE_IN_FRAMEWORK_HEADER = YES;
				CLANG_WARN_RANGE_LOOP_ANALYSIS = YES;
				CLANG_WARN_STRICT_PROTOTYPES = YES;
				CLANG_WARN_SUSPICIOUS_MOVE = YES;
				CLANG_WARN_UNGUARDED_AVAILABILITY = YES_AGGRESSIVE;
				CLANG_WARN_UNREACHABLE_CODE = YES;
				CLANG_WARN__DUPLICATE_METHOD_MATCH = YES;
				COPY_PHASE_STRIP = NO;
				DEBUG_INFORMATION_FORMAT = dwarf;
				ENABLE_STRICT_OBJC_MSGSEND = YES;
				ENABLE_TESTABILITY = YES;
				ENABLE_USER_SCRIPT_SANDBOXING = NO;
				GCC_C_LANGUAGE_STANDARD = gnu17;
				GCC_DYNAMIC_NO_PIC = NO;
				GCC_NO_COMMON_BLOCKS = YES;
				GCC_OPTIMIZATION_LEVEL = 0;
				GCC_PREPROCESSOR_DEFINITIONS = (
					"DEBUG=1",
					"$(inherited)",
				);
				GCC_WARN_64_TO_32_BIT_CONVERSION = YES;
				GCC_WARN_ABOUT_RETURN_TYPE = YES_ERROR;
				GCC_WARN_UNDECLARED_SELECTOR = YES;
				GCC_WARN_UNINITIALIZED_AUTOS = YES_AGGRESSIVE;
				GCC_WARN_UNUSED_FUNCTION = YES;
				GCC_WARN_UNUSED_VARIABLE = YES;
				IPHONEOS_DEPLOYMENT_TARGET = 17.2;
				LOCALIZATION_PREFERS_STRING_CATALOGS = YES;
				MTL_ENABLE_DEBUG_INFO = INCLUDE_SOURCE;
				MTL_FAST_MATH = YES;
				ONLY_ACTIVE_ARCH = YES;
				SDKROOT = iphoneos;
				SWIFT_ACTIVE_COMPILATION_CONDITIONS = "DEBUG $(inherited)";
				SWIFT_OPTIMIZATION_LEVEL = "-Onone";
			};
			name = Debug;
		};
		8C4AEC4B2BA9B9840080B754 /* Release */ = {
			isa = XCBuildConfiguration;
			buildSettings = {
				ALWAYS_SEARCH_USER_PATHS = NO;
				ASSETCATALOG_COMPILER_GENERATE_SWIFT_ASSET_SYMBOL_EXTENSIONS = YES;
				CLANG_ANALYZER_NONNULL = YES;
				CLANG_ANALYZER_NUMBER_OBJECT_CONVERSION = YES_AGGRESSIVE;
				CLANG_CXX_LANGUAGE_STANDARD = "gnu++20";
				CLANG_ENABLE_MODULES = YES;
				CLANG_ENABLE_OBJC_ARC = YES;
				CLANG_ENABLE_OBJC_WEAK = YES;
				CLANG_WARN_BLOCK_CAPTURE_AUTORELEASING = YES;
				CLANG_WARN_BOOL_CONVERSION = YES;
				CLANG_WARN_COMMA = YES;
				CLANG_WARN_CONSTANT_CONVERSION = YES;
				CLANG_WARN_DEPRECATED_OBJC_IMPLEMENTATIONS = YES;
				CLANG_WARN_DIRECT_OBJC_ISA_USAGE = YES_ERROR;
				CLANG_WARN_DOCUMENTATION_COMMENTS = YES;
				CLANG_WARN_EMPTY_BODY = YES;
				CLANG_WARN_ENUM_CONVERSION = YES;
				CLANG_WARN_INFINITE_RECURSION = YES;
				CLANG_WARN_INT_CONVERSION = YES;
				CLANG_WARN_NON_LITERAL_NULL_CONVERSION = YES;
				CLANG_WARN_OBJC_IMPLICIT_RETAIN_SELF = YES;
				CLANG_WARN_OBJC_LITERAL_CONVERSION = YES;
				CLANG_WARN_OBJC_ROOT_CLASS = YES_ERROR;
				CLANG_WARN_QUOTED_INCLUDE_IN_FRAMEWORK_HEADER = YES;
				CLANG_WARN_RANGE_LOOP_ANALYSIS = YES;
				CLANG_WARN_STRICT_PROTOTYPES = YES;
				CLANG_WARN_SUSPICIOUS_MOVE = YES;
				CLANG_WARN_UNGUARDED_AVAILABILITY = YES_AGGRESSIVE;
				CLANG_WARN_UNREACHABLE_CODE = YES;
				CLANG_WARN__DUPLICATE_METHOD_MATCH = YES;
				COPY_PHASE_STRIP = NO;
				DEBUG_INFORMATION_FORMAT = "dwarf-with-dsym";
				ENABLE_NS_ASSERTIONS = NO;
				ENABLE_STRICT_OBJC_MSGSEND = YES;
				ENABLE_USER_SCRIPT_SANDBOXING = NO;
				GCC_C_LANGUAGE_STANDARD = gnu17;
				GCC_NO_COMMON_BLOCKS = YES;
				GCC_WARN_64_TO_32_BIT_CONVERSION = YES;
				GCC_WARN_ABOUT_RETURN_TYPE = YES_ERROR;
				GCC_WARN_UNDECLARED_SELECTOR = YES;
				GCC_WARN_UNINITIALIZED_AUTOS = YES_AGGRESSIVE;
				GCC_WARN_UNUSED_FUNCTION = YES;
				GCC_WARN_UNUSED_VARIABLE = YES;
				IPHONEOS_DEPLOYMENT_TARGET = 17.2;
				LOCALIZATION_PREFERS_STRING_CATALOGS = YES;
				MTL_ENABLE_DEBUG_INFO = NO;
				MTL_FAST_MATH = YES;
				SDKROOT = iphoneos;
				SWIFT_COMPILATION_MODE = wholemodule;
				VALIDATE_PRODUCT = YES;
			};
			name = Release;
		};
		8C4AEC4D2BA9B9840080B754 /* Debug */ = {
			isa = XCBuildConfiguration;
			baseConfigurationReference = 894E808C9AE2157367B1FE47 /* Pods-SnapshotTest.debug.xcconfig */;
			buildSettings = {
				ASSETCATALOG_COMPILER_APPICON_NAME = AppIcon;
				ASSETCATALOG_COMPILER_GLOBAL_ACCENT_COLOR_NAME = AccentColor;
				CODE_SIGN_STYLE = Automatic;
				CURRENT_PROJECT_VERSION = 1;
				DEVELOPMENT_TEAM = 4AT6B8R6CS;
				GENERATE_INFOPLIST_FILE = YES;
				INFOPLIST_FILE = SnapshotTest/Info.plist;
				INFOPLIST_KEY_UIApplicationSupportsIndirectInputEvents = YES;
				INFOPLIST_KEY_UILaunchStoryboardName = LaunchScreen;
				INFOPLIST_KEY_UIMainStoryboardFile = Main;
				INFOPLIST_KEY_UISupportedInterfaceOrientations_iPad = "UIInterfaceOrientationPortrait UIInterfaceOrientationPortraitUpsideDown UIInterfaceOrientationLandscapeLeft UIInterfaceOrientationLandscapeRight";
				INFOPLIST_KEY_UISupportedInterfaceOrientations_iPhone = "UIInterfaceOrientationPortrait UIInterfaceOrientationLandscapeLeft UIInterfaceOrientationLandscapeRight";
				LD_RUNPATH_SEARCH_PATHS = (
					"$(inherited)",
					"@executable_path/Frameworks",
				);
				MARKETING_VERSION = 1.0;
				PRODUCT_BUNDLE_IDENTIFIER = com.dojo.SnapshotTest;
				PRODUCT_NAME = "$(TARGET_NAME)";
				SWIFT_EMIT_LOC_STRINGS = YES;
				SWIFT_VERSION = 5.0;
				TARGETED_DEVICE_FAMILY = "1,2";
			};
			name = Debug;
		};
		8C4AEC4E2BA9B9840080B754 /* Release */ = {
			isa = XCBuildConfiguration;
			baseConfigurationReference = 7923D6A9EE090940CDF44BA5 /* Pods-SnapshotTest.release.xcconfig */;
			buildSettings = {
				ASSETCATALOG_COMPILER_APPICON_NAME = AppIcon;
				ASSETCATALOG_COMPILER_GLOBAL_ACCENT_COLOR_NAME = AccentColor;
				CODE_SIGN_STYLE = Automatic;
				CURRENT_PROJECT_VERSION = 1;
				DEVELOPMENT_TEAM = 4AT6B8R6CS;
				GENERATE_INFOPLIST_FILE = YES;
				INFOPLIST_FILE = SnapshotTest/Info.plist;
				INFOPLIST_KEY_UIApplicationSupportsIndirectInputEvents = YES;
				INFOPLIST_KEY_UILaunchStoryboardName = LaunchScreen;
				INFOPLIST_KEY_UIMainStoryboardFile = Main;
				INFOPLIST_KEY_UISupportedInterfaceOrientations_iPad = "UIInterfaceOrientationPortrait UIInterfaceOrientationPortraitUpsideDown UIInterfaceOrientationLandscapeLeft UIInterfaceOrientationLandscapeRight";
				INFOPLIST_KEY_UISupportedInterfaceOrientations_iPhone = "UIInterfaceOrientationPortrait UIInterfaceOrientationLandscapeLeft UIInterfaceOrientationLandscapeRight";
				LD_RUNPATH_SEARCH_PATHS = (
					"$(inherited)",
					"@executable_path/Frameworks",
				);
				MARKETING_VERSION = 1.0;
				PRODUCT_BUNDLE_IDENTIFIER = com.dojo.SnapshotTest;
				PRODUCT_NAME = "$(TARGET_NAME)";
				SWIFT_EMIT_LOC_STRINGS = YES;
				SWIFT_VERSION = 5.0;
				TARGETED_DEVICE_FAMILY = "1,2";
			};
			name = Release;
		};
		8C4AEC502BA9B9840080B754 /* Debug */ = {
			isa = XCBuildConfiguration;
			baseConfigurationReference = B44CA2891394A43A5A837438 /* Pods-SnapshotTestTests.debug.xcconfig */;
			buildSettings = {
				ALWAYS_EMBED_SWIFT_STANDARD_LIBRARIES = YES;
				BUNDLE_LOADER = "$(TEST_HOST)";
				CODE_SIGN_STYLE = Automatic;
				CURRENT_PROJECT_VERSION = 1;
				DEVELOPMENT_TEAM = 4AT6B8R6CS;
				GENERATE_INFOPLIST_FILE = YES;
				IPHONEOS_DEPLOYMENT_TARGET = 17.2;
				MARKETING_VERSION = 1.0;
				PRODUCT_BUNDLE_IDENTIFIER = com.dojo.SnapshotTestTests;
				PRODUCT_NAME = "$(TARGET_NAME)";
				SWIFT_EMIT_LOC_STRINGS = NO;
				SWIFT_VERSION = 5.0;
				TARGETED_DEVICE_FAMILY = "1,2";
				TEST_HOST = "$(BUILT_PRODUCTS_DIR)/SnapshotTest.app/$(BUNDLE_EXECUTABLE_FOLDER_PATH)/SnapshotTest";
			};
			name = Debug;
		};
		8C4AEC512BA9B9840080B754 /* Release */ = {
			isa = XCBuildConfiguration;
			baseConfigurationReference = 0C35D83145B1AA05A8B1E523 /* Pods-SnapshotTestTests.release.xcconfig */;
			buildSettings = {
				ALWAYS_EMBED_SWIFT_STANDARD_LIBRARIES = YES;
				BUNDLE_LOADER = "$(TEST_HOST)";
				CODE_SIGN_STYLE = Automatic;
				CURRENT_PROJECT_VERSION = 1;
				DEVELOPMENT_TEAM = 4AT6B8R6CS;
				GENERATE_INFOPLIST_FILE = YES;
				IPHONEOS_DEPLOYMENT_TARGET = 17.2;
				MARKETING_VERSION = 1.0;
				PRODUCT_BUNDLE_IDENTIFIER = com.dojo.SnapshotTestTests;
				PRODUCT_NAME = "$(TARGET_NAME)";
				SWIFT_EMIT_LOC_STRINGS = NO;
				SWIFT_VERSION = 5.0;
				TARGETED_DEVICE_FAMILY = "1,2";
				TEST_HOST = "$(BUILT_PRODUCTS_DIR)/SnapshotTest.app/$(BUNDLE_EXECUTABLE_FOLDER_PATH)/SnapshotTest";
			};
			name = Release;
		};
/* End XCBuildConfiguration section */

/* Begin XCConfigurationList section */
		8C4AEC1D2BA9B97F0080B754 /* Build configuration list for PBXProject "SnapshotTest" */ = {
			isa = XCConfigurationList;
			buildConfigurations = (
				8C4AEC4A2BA9B9840080B754 /* Debug */,
				8C4AEC4B2BA9B9840080B754 /* Release */,
			);
			defaultConfigurationIsVisible = 0;
			defaultConfigurationName = Release;
		};
		8C4AEC4C2BA9B9840080B754 /* Build configuration list for PBXNativeTarget "SnapshotTest" */ = {
			isa = XCConfigurationList;
			buildConfigurations = (
				8C4AEC4D2BA9B9840080B754 /* Debug */,
				8C4AEC4E2BA9B9840080B754 /* Release */,
			);
			defaultConfigurationIsVisible = 0;
			defaultConfigurationName = Release;
		};
		8C4AEC4F2BA9B9840080B754 /* Build configuration list for PBXNativeTarget "SnapshotTestTests" */ = {
			isa = XCConfigurationList;
			buildConfigurations = (
				8C4AEC502BA9B9840080B754 /* Debug */,
				8C4AEC512BA9B9840080B754 /* Release */,
			);
			defaultConfigurationIsVisible = 0;
			defaultConfigurationName = Release;
		};
/* End XCConfigurationList section */
	};
	rootObject = 8C4AEC1A2BA9B97F0080B754 /* Project object */;
}
